// !$*UTF8*$!
{
	archiveVersion = 1;
	classes = {
	};
	objectVersion = 46;
	objects = {

/* Begin PBXBuildFile section */
		700E71851EDC590400BD565E /* Define.swift in Sources */ = {isa = PBXBuildFile; fileRef = 700E71841EDC590400BD565E /* Define.swift */; };
		70188BE91B779450003C91BE /* Images.xcassets in Resources */ = {isa = PBXBuildFile; fileRef = 70188BE81B779450003C91BE /* Images.xcassets */; };
		70188BED1B779451003C91BE /* MusicRemoteController WatchKit App.app in Resources */ = {isa = PBXBuildFile; fileRef = 70188BEC1B779451003C91BE /* MusicRemoteController WatchKit App.app */; };
		70188BF51B779451003C91BE /* Interface.storyboard in Resources */ = {isa = PBXBuildFile; fileRef = 70188BF31B779451003C91BE /* Interface.storyboard */; };
		70188BF71B779451003C91BE /* Images.xcassets in Resources */ = {isa = PBXBuildFile; fileRef = 70188BF61B779451003C91BE /* Images.xcassets */; };
		70188BFA1B779451003C91BE /* MusicRemoteController WatchKit Extension.appex in Embed App Extensions */ = {isa = PBXBuildFile; fileRef = 70188BE11B779450003C91BE /* MusicRemoteController WatchKit Extension.appex */; settings = {ATTRIBUTES = (RemoveHeadersOnCopy, ); }; };
		70188C011B779581003C91BE /* CoreBluetooth.framework in Frameworks */ = {isa = PBXBuildFile; fileRef = 70A71E1318DF565C0085F62D /* CoreBluetooth.framework */; };
		708EF24818E8F7D800EE4616 /* AdSupport.framework in Frameworks */ = {isa = PBXBuildFile; fileRef = 708EF24718E8F7D800EE4616 /* AdSupport.framework */; };
		708EF24A18E8F7E300EE4616 /* Security.framework in Frameworks */ = {isa = PBXBuildFile; fileRef = 708EF24918E8F7E300EE4616 /* Security.framework */; };
		708EF25218E96B0D00EE4616 /* iPhone4.storyboard in Resources */ = {isa = PBXBuildFile; fileRef = 708EF25018E96B0D00EE4616 /* iPhone4.storyboard */; };
		708EF25418E9915F00EE4616 /* iPhone5.storyboard in Resources */ = {isa = PBXBuildFile; fileRef = 708EF25318E9915F00EE4616 /* iPhone5.storyboard */; };
		7092283F1EDC564A00502D4F /* RemoteModeViewController.swift in Sources */ = {isa = PBXBuildFile; fileRef = 7092283E1EDC564A00502D4F /* RemoteModeViewController.swift */; };
		70A71DD918DF549A0085F62D /* Foundation.framework in Frameworks */ = {isa = PBXBuildFile; fileRef = 70A71DD818DF549A0085F62D /* Foundation.framework */; };
		70A71DDB18DF549A0085F62D /* CoreGraphics.framework in Frameworks */ = {isa = PBXBuildFile; fileRef = 70A71DDA18DF549A0085F62D /* CoreGraphics.framework */; };
		70A71DDD18DF549A0085F62D /* UIKit.framework in Frameworks */ = {isa = PBXBuildFile; fileRef = 70A71DDC18DF549A0085F62D /* UIKit.framework */; };
		70A71DF118DF549A0085F62D /* Images.xcassets in Resources */ = {isa = PBXBuildFile; fileRef = 70A71DF018DF549A0085F62D /* Images.xcassets */; };
		70A71DF818DF549B0085F62D /* XCTest.framework in Frameworks */ = {isa = PBXBuildFile; fileRef = 70A71DF718DF549B0085F62D /* XCTest.framework */; };
		70A71DF918DF549B0085F62D /* Foundation.framework in Frameworks */ = {isa = PBXBuildFile; fileRef = 70A71DD818DF549A0085F62D /* Foundation.framework */; };
		70A71DFA18DF549B0085F62D /* UIKit.framework in Frameworks */ = {isa = PBXBuildFile; fileRef = 70A71DDC18DF549A0085F62D /* UIKit.framework */; };
		70A71E0418DF549B0085F62D /* MusicRemoteControllerTests.m in Sources */ = {isa = PBXBuildFile; fileRef = 70A71E0318DF549B0085F62D /* MusicRemoteControllerTests.m */; };
		70A71E1418DF565C0085F62D /* CoreBluetooth.framework in Frameworks */ = {isa = PBXBuildFile; fileRef = 70A71E1318DF565C0085F62D /* CoreBluetooth.framework */; };
		70A71E1618DF566E0085F62D /* MediaPlayer.framework in Frameworks */ = {isa = PBXBuildFile; fileRef = 70A71E1518DF566E0085F62D /* MediaPlayer.framework */; };
		70A71E1F18DF58330085F62D /* Next.png in Resources */ = {isa = PBXBuildFile; fileRef = 70A71E1818DF58330085F62D /* Next.png */; };
		70A71E2018DF58330085F62D /* nonimage.png in Resources */ = {isa = PBXBuildFile; fileRef = 70A71E1918DF58330085F62D /* nonimage.png */; };
		70A71E2118DF58330085F62D /* Play.png in Resources */ = {isa = PBXBuildFile; fileRef = 70A71E1A18DF58330085F62D /* Play.png */; };
		70A71E2218DF58330085F62D /* Rev.png in Resources */ = {isa = PBXBuildFile; fileRef = 70A71E1B18DF58330085F62D /* Rev.png */; };
		70A71E2318DF58330085F62D /* stop.png in Resources */ = {isa = PBXBuildFile; fileRef = 70A71E1C18DF58330085F62D /* stop.png */; };
		70A71E2418DF58330085F62D /* VolDown.png in Resources */ = {isa = PBXBuildFile; fileRef = 70A71E1D18DF58330085F62D /* VolDown.png */; };
		70A71E2518DF58330085F62D /* VolUp.png in Resources */ = {isa = PBXBuildFile; fileRef = 70A71E1E18DF58330085F62D /* VolUp.png */; };
		70B0719A1EDF14BD009631CC /* PlayerModeViewController.swift in Sources */ = {isa = PBXBuildFile; fileRef = 70B071991EDF14BD009631CC /* PlayerModeViewController.swift */; };
		70B8619E1EE5B24400C63E3D /* AppDelegate.swift in Sources */ = {isa = PBXBuildFile; fileRef = 70B8619D1EE5B24400C63E3D /* AppDelegate.swift */; };
		70B861A01EE6D61C00C63E3D /* NendViewController.swift in Sources */ = {isa = PBXBuildFile; fileRef = 70B8619F1EE6D61C00C63E3D /* NendViewController.swift */; };
		70B861A51EE6DA5900C63E3D /* NendAd.framework in Frameworks */ = {isa = PBXBuildFile; fileRef = 70B861A21EE6DA5900C63E3D /* NendAd.framework */; };
		70B861A61EE6DA5900C63E3D /* NendAdResource.bundle in Resources */ = {isa = PBXBuildFile; fileRef = 70B861A41EE6DA5900C63E3D /* NendAdResource.bundle */; };
		70B861A81EE6DCED00C63E3D /* MenuViewController.swift in Sources */ = {isa = PBXBuildFile; fileRef = 70B861A71EE6DCED00C63E3D /* MenuViewController.swift */; };
		70F4A65F1EEBE67A00F584FD /* ImageUtil.swift in Sources */ = {isa = PBXBuildFile; fileRef = 70F4A65E1EEBE67A00F584FD /* ImageUtil.swift */; };
		70F4A6621EEC156600F584FD /* InterfaceController.swift in Sources */ = {isa = PBXBuildFile; fileRef = 70F4A6611EEC156600F584FD /* InterfaceController.swift */; };
		70F4A6641EEC16A800F584FD /* Define.swift in Sources */ = {isa = PBXBuildFile; fileRef = 70F4A6631EEC16A800F584FD /* Define.swift */; };
		70FFF76B1B67C74500A455C0 /* ImageIO.framework in Frameworks */ = {isa = PBXBuildFile; fileRef = 70FFF76A1B67C74500A455C0 /* ImageIO.framework */; };
/* End PBXBuildFile section */

/* Begin PBXContainerItemProxy section */
		70188BEE1B779451003C91BE /* PBXContainerItemProxy */ = {
			isa = PBXContainerItemProxy;
			containerPortal = 70A71DCD18DF549A0085F62D /* Project object */;
			proxyType = 1;
			remoteGlobalIDString = 70188BEB1B779451003C91BE;
			remoteInfo = "MusicRemoteController WatchKit App";
		};
		70188BF81B779451003C91BE /* PBXContainerItemProxy */ = {
			isa = PBXContainerItemProxy;
			containerPortal = 70A71DCD18DF549A0085F62D /* Project object */;
			proxyType = 1;
			remoteGlobalIDString = 70188BE01B779450003C91BE;
			remoteInfo = "MusicRemoteController WatchKit Extension";
		};
		70A71DFB18DF549B0085F62D /* PBXContainerItemProxy */ = {
			isa = PBXContainerItemProxy;
			containerPortal = 70A71DCD18DF549A0085F62D /* Project object */;
			proxyType = 1;
			remoteGlobalIDString = 70A71DD418DF549A0085F62D;
			remoteInfo = MusicRemoteController;
		};
/* End PBXContainerItemProxy section */

/* Begin PBXCopyFilesBuildPhase section */
		70188BDC1B779435003C91BE /* Embed App Extensions */ = {
			isa = PBXCopyFilesBuildPhase;
			buildActionMask = 2147483647;
			dstPath = "";
			dstSubfolderSpec = 13;
			files = (
				70188BFA1B779451003C91BE /* MusicRemoteController WatchKit Extension.appex in Embed App Extensions */,
			);
			name = "Embed App Extensions";
			runOnlyForDeploymentPostprocessing = 0;
		};
/* End PBXCopyFilesBuildPhase section */

/* Begin PBXFileReference section */
		700E71841EDC590400BD565E /* Define.swift */ = {isa = PBXFileReference; fileEncoding = 4; lastKnownFileType = sourcecode.swift; path = Define.swift; sourceTree = "<group>"; };
		70188BE11B779450003C91BE /* MusicRemoteController WatchKit Extension.appex */ = {isa = PBXFileReference; explicitFileType = "wrapper.app-extension"; includeInIndex = 0; path = "MusicRemoteController WatchKit Extension.appex"; sourceTree = BUILT_PRODUCTS_DIR; };
		70188BE41B779450003C91BE /* Info.plist */ = {isa = PBXFileReference; lastKnownFileType = text.plist.xml; path = Info.plist; sourceTree = "<group>"; };
		70188BE81B779450003C91BE /* Images.xcassets */ = {isa = PBXFileReference; lastKnownFileType = folder.assetcatalog; path = Images.xcassets; sourceTree = "<group>"; };
		70188BEC1B779451003C91BE /* MusicRemoteController WatchKit App.app */ = {isa = PBXFileReference; explicitFileType = wrapper.application; includeInIndex = 0; path = "MusicRemoteController WatchKit App.app"; sourceTree = BUILT_PRODUCTS_DIR; };
		70188BF21B779451003C91BE /* Info.plist */ = {isa = PBXFileReference; lastKnownFileType = text.plist.xml; path = Info.plist; sourceTree = "<group>"; };
		70188BF41B779451003C91BE /* Base */ = {isa = PBXFileReference; lastKnownFileType = file.storyboard; name = Base; path = Base.lproj/Interface.storyboard; sourceTree = "<group>"; };
		70188BF61B779451003C91BE /* Images.xcassets */ = {isa = PBXFileReference; lastKnownFileType = folder.assetcatalog; path = Images.xcassets; sourceTree = "<group>"; };
		7025A9271B7B7DE90059286A /* ja */ = {isa = PBXFileReference; lastKnownFileType = text.plist.strings; name = ja; path = ja.lproj/iPhone4.strings; sourceTree = "<group>"; };
		7025A9281B7B7DE90059286A /* ja */ = {isa = PBXFileReference; lastKnownFileType = text.plist.strings; name = ja; path = ja.lproj/Interface.strings; sourceTree = "<group>"; };
		708EF24718E8F7D800EE4616 /* AdSupport.framework */ = {isa = PBXFileReference; lastKnownFileType = wrapper.framework; name = AdSupport.framework; path = System/Library/Frameworks/AdSupport.framework; sourceTree = SDKROOT; };
		708EF24918E8F7E300EE4616 /* Security.framework */ = {isa = PBXFileReference; lastKnownFileType = wrapper.framework; name = Security.framework; path = System/Library/Frameworks/Security.framework; sourceTree = SDKROOT; };
		708EF25118E96B0D00EE4616 /* Base */ = {isa = PBXFileReference; lastKnownFileType = file.storyboard; name = Base; path = Base.lproj/iPhone4.storyboard; sourceTree = "<group>"; };
		708EF25318E9915F00EE4616 /* iPhone5.storyboard */ = {isa = PBXFileReference; fileEncoding = 4; lastKnownFileType = file.storyboard; path = iPhone5.storyboard; sourceTree = "<group>"; };
		7092283D1EDC564A00502D4F /* MusicRemoteController-Bridging-Header.h */ = {isa = PBXFileReference; lastKnownFileType = sourcecode.c.h; path = "MusicRemoteController-Bridging-Header.h"; sourceTree = "<group>"; };
		7092283E1EDC564A00502D4F /* RemoteModeViewController.swift */ = {isa = PBXFileReference; fileEncoding = 4; lastKnownFileType = sourcecode.swift; path = RemoteModeViewController.swift; sourceTree = "<group>"; };
		70A71DD518DF549A0085F62D /* MusicRemoteController.app */ = {isa = PBXFileReference; explicitFileType = wrapper.application; includeInIndex = 0; path = MusicRemoteController.app; sourceTree = BUILT_PRODUCTS_DIR; };
		70A71DD818DF549A0085F62D /* Foundation.framework */ = {isa = PBXFileReference; lastKnownFileType = wrapper.framework; name = Foundation.framework; path = System/Library/Frameworks/Foundation.framework; sourceTree = SDKROOT; };
		70A71DDA18DF549A0085F62D /* CoreGraphics.framework */ = {isa = PBXFileReference; lastKnownFileType = wrapper.framework; name = CoreGraphics.framework; path = System/Library/Frameworks/CoreGraphics.framework; sourceTree = SDKROOT; };
		70A71DDC18DF549A0085F62D /* UIKit.framework */ = {isa = PBXFileReference; lastKnownFileType = wrapper.framework; name = UIKit.framework; path = System/Library/Frameworks/UIKit.framework; sourceTree = SDKROOT; };
		70A71DE018DF549A0085F62D /* MusicRemoteController-Info.plist */ = {isa = PBXFileReference; lastKnownFileType = text.plist.xml; path = "MusicRemoteController-Info.plist"; sourceTree = "<group>"; };
		70A71DE618DF549A0085F62D /* MusicRemoteController-Prefix.pch */ = {isa = PBXFileReference; lastKnownFileType = sourcecode.c.h; path = "MusicRemoteController-Prefix.pch"; sourceTree = "<group>"; };
		70A71DF018DF549A0085F62D /* Images.xcassets */ = {isa = PBXFileReference; lastKnownFileType = folder.assetcatalog; path = Images.xcassets; sourceTree = "<group>"; };
		70A71DF618DF549B0085F62D /* MusicRemoteControllerTests.xctest */ = {isa = PBXFileReference; explicitFileType = wrapper.cfbundle; includeInIndex = 0; path = MusicRemoteControllerTests.xctest; sourceTree = BUILT_PRODUCTS_DIR; };
		70A71DF718DF549B0085F62D /* XCTest.framework */ = {isa = PBXFileReference; lastKnownFileType = wrapper.framework; name = XCTest.framework; path = Library/Frameworks/XCTest.framework; sourceTree = DEVELOPER_DIR; };
		70A71DFF18DF549B0085F62D /* MusicRemoteControllerTests-Info.plist */ = {isa = PBXFileReference; lastKnownFileType = text.plist.xml; path = "MusicRemoteControllerTests-Info.plist"; sourceTree = "<group>"; };
		70A71E0318DF549B0085F62D /* MusicRemoteControllerTests.m */ = {isa = PBXFileReference; lastKnownFileType = sourcecode.c.objc; path = MusicRemoteControllerTests.m; sourceTree = "<group>"; };
		70A71E1318DF565C0085F62D /* CoreBluetooth.framework */ = {isa = PBXFileReference; lastKnownFileType = wrapper.framework; name = CoreBluetooth.framework; path = System/Library/Frameworks/CoreBluetooth.framework; sourceTree = SDKROOT; };
		70A71E1518DF566E0085F62D /* MediaPlayer.framework */ = {isa = PBXFileReference; lastKnownFileType = wrapper.framework; name = MediaPlayer.framework; path = System/Library/Frameworks/MediaPlayer.framework; sourceTree = SDKROOT; };
		70A71E1818DF58330085F62D /* Next.png */ = {isa = PBXFileReference; lastKnownFileType = image.png; path = Next.png; sourceTree = "<group>"; };
		70A71E1918DF58330085F62D /* nonimage.png */ = {isa = PBXFileReference; lastKnownFileType = image.png; path = nonimage.png; sourceTree = "<group>"; };
		70A71E1A18DF58330085F62D /* Play.png */ = {isa = PBXFileReference; lastKnownFileType = image.png; path = Play.png; sourceTree = "<group>"; };
		70A71E1B18DF58330085F62D /* Rev.png */ = {isa = PBXFileReference; lastKnownFileType = image.png; path = Rev.png; sourceTree = "<group>"; };
		70A71E1C18DF58330085F62D /* stop.png */ = {isa = PBXFileReference; lastKnownFileType = image.png; path = stop.png; sourceTree = "<group>"; };
		70A71E1D18DF58330085F62D /* VolDown.png */ = {isa = PBXFileReference; lastKnownFileType = image.png; path = VolDown.png; sourceTree = "<group>"; };
		70A71E1E18DF58330085F62D /* VolUp.png */ = {isa = PBXFileReference; lastKnownFileType = image.png; path = VolUp.png; sourceTree = "<group>"; };
		70B071991EDF14BD009631CC /* PlayerModeViewController.swift */ = {isa = PBXFileReference; fileEncoding = 4; lastKnownFileType = sourcecode.swift; path = PlayerModeViewController.swift; sourceTree = "<group>"; };
		70B8619D1EE5B24400C63E3D /* AppDelegate.swift */ = {isa = PBXFileReference; fileEncoding = 4; lastKnownFileType = sourcecode.swift; path = AppDelegate.swift; sourceTree = "<group>"; };
		70B8619F1EE6D61C00C63E3D /* NendViewController.swift */ = {isa = PBXFileReference; fileEncoding = 4; lastKnownFileType = sourcecode.swift; path = NendViewController.swift; sourceTree = "<group>"; };
		70B861A21EE6DA5900C63E3D /* NendAd.framework */ = {isa = PBXFileReference; lastKnownFileType = wrapper.framework; path = NendAd.framework; sourceTree = "<group>"; };
		70B861A41EE6DA5900C63E3D /* NendAdResource.bundle */ = {isa = PBXFileReference; lastKnownFileType = "wrapper.plug-in"; path = NendAdResource.bundle; sourceTree = "<group>"; };
		70B861A71EE6DCED00C63E3D /* MenuViewController.swift */ = {isa = PBXFileReference; fileEncoding = 4; lastKnownFileType = sourcecode.swift; path = MenuViewController.swift; sourceTree = "<group>"; };
		70F4A65E1EEBE67A00F584FD /* ImageUtil.swift */ = {isa = PBXFileReference; fileEncoding = 4; lastKnownFileType = sourcecode.swift; path = ImageUtil.swift; sourceTree = "<group>"; };
		70F4A6601EEC156500F584FD /* MusicRemoteController WatchKit Extension-Bridging-Header.h */ = {isa = PBXFileReference; lastKnownFileType = sourcecode.c.h; path = "MusicRemoteController WatchKit Extension-Bridging-Header.h"; sourceTree = "<group>"; };
		70F4A6611EEC156600F584FD /* InterfaceController.swift */ = {isa = PBXFileReference; fileEncoding = 4; lastKnownFileType = sourcecode.swift; path = InterfaceController.swift; sourceTree = "<group>"; };
		70F4A6631EEC16A800F584FD /* Define.swift */ = {isa = PBXFileReference; fileEncoding = 4; lastKnownFileType = sourcecode.swift; path = Define.swift; sourceTree = "<group>"; };
		70FFF76A1B67C74500A455C0 /* ImageIO.framework */ = {isa = PBXFileReference; lastKnownFileType = wrapper.framework; name = ImageIO.framework; path = System/Library/Frameworks/ImageIO.framework; sourceTree = SDKROOT; };
/* End PBXFileReference section */

/* Begin PBXFrameworksBuildPhase section */
		70188BDE1B779450003C91BE /* Frameworks */ = {
			isa = PBXFrameworksBuildPhase;
			buildActionMask = 2147483647;
			files = (
				70188C011B779581003C91BE /* CoreBluetooth.framework in Frameworks */,
			);
			runOnlyForDeploymentPostprocessing = 0;
		};
		70A71DD218DF549A0085F62D /* Frameworks */ = {
			isa = PBXFrameworksBuildPhase;
			buildActionMask = 2147483647;
			files = (
				70FFF76B1B67C74500A455C0 /* ImageIO.framework in Frameworks */,
				708EF24A18E8F7E300EE4616 /* Security.framework in Frameworks */,
				708EF24818E8F7D800EE4616 /* AdSupport.framework in Frameworks */,
				70A71E1618DF566E0085F62D /* MediaPlayer.framework in Frameworks */,
				70A71E1418DF565C0085F62D /* CoreBluetooth.framework in Frameworks */,
				70A71DDB18DF549A0085F62D /* CoreGraphics.framework in Frameworks */,
				70B861A51EE6DA5900C63E3D /* NendAd.framework in Frameworks */,
				70A71DDD18DF549A0085F62D /* UIKit.framework in Frameworks */,
				70A71DD918DF549A0085F62D /* Foundation.framework in Frameworks */,
			);
			runOnlyForDeploymentPostprocessing = 0;
		};
		70A71DF318DF549B0085F62D /* Frameworks */ = {
			isa = PBXFrameworksBuildPhase;
			buildActionMask = 2147483647;
			files = (
				70A71DF818DF549B0085F62D /* XCTest.framework in Frameworks */,
				70A71DFA18DF549B0085F62D /* UIKit.framework in Frameworks */,
				70A71DF918DF549B0085F62D /* Foundation.framework in Frameworks */,
			);
			runOnlyForDeploymentPostprocessing = 0;
		};
/* End PBXFrameworksBuildPhase section */

/* Begin PBXGroup section */
		70188BE21B779450003C91BE /* MusicRemoteController WatchKit Extension */ = {
			isa = PBXGroup;
			children = (
				70188BE81B779450003C91BE /* Images.xcassets */,
				70188BE31B779450003C91BE /* Supporting Files */,
				70F4A6611EEC156600F584FD /* InterfaceController.swift */,
				70F4A6601EEC156500F584FD /* MusicRemoteController WatchKit Extension-Bridging-Header.h */,
				70F4A6631EEC16A800F584FD /* Define.swift */,
			);
			path = "MusicRemoteController WatchKit Extension";
			sourceTree = "<group>";
		};
		70188BE31B779450003C91BE /* Supporting Files */ = {
			isa = PBXGroup;
			children = (
				70188BE41B779450003C91BE /* Info.plist */,
			);
			name = "Supporting Files";
			sourceTree = "<group>";
		};
		70188BF01B779451003C91BE /* MusicRemoteController WatchKit App */ = {
			isa = PBXGroup;
			children = (
				70188BF31B779451003C91BE /* Interface.storyboard */,
				70188BF61B779451003C91BE /* Images.xcassets */,
				70188BF11B779451003C91BE /* Supporting Files */,
			);
			path = "MusicRemoteController WatchKit App";
			sourceTree = "<group>";
		};
		70188BF11B779451003C91BE /* Supporting Files */ = {
			isa = PBXGroup;
			children = (
				70188BF21B779451003C91BE /* Info.plist */,
			);
			name = "Supporting Files";
			sourceTree = "<group>";
		};
		70A71DCC18DF549A0085F62D = {
			isa = PBXGroup;
			children = (
				70B861A11EE6DA5800C63E3D /* NendAd.embeddedframework */,
				70A71DDE18DF549A0085F62D /* MusicRemoteController */,
				70A71DFD18DF549B0085F62D /* MusicRemoteControllerTests */,
				70188BE21B779450003C91BE /* MusicRemoteController WatchKit Extension */,
				70188BF01B779451003C91BE /* MusicRemoteController WatchKit App */,
				70A71DD718DF549A0085F62D /* Frameworks */,
				70A71DD618DF549A0085F62D /* Products */,
			);
			sourceTree = "<group>";
			usesTabs = 0;
		};
		70A71DD618DF549A0085F62D /* Products */ = {
			isa = PBXGroup;
			children = (
				70A71DD518DF549A0085F62D /* MusicRemoteController.app */,
				70A71DF618DF549B0085F62D /* MusicRemoteControllerTests.xctest */,
				70188BE11B779450003C91BE /* MusicRemoteController WatchKit Extension.appex */,
				70188BEC1B779451003C91BE /* MusicRemoteController WatchKit App.app */,
			);
			name = Products;
			sourceTree = "<group>";
		};
		70A71DD718DF549A0085F62D /* Frameworks */ = {
			isa = PBXGroup;
			children = (
				70FFF76A1B67C74500A455C0 /* ImageIO.framework */,
				708EF24918E8F7E300EE4616 /* Security.framework */,
				708EF24718E8F7D800EE4616 /* AdSupport.framework */,
				70A71E1518DF566E0085F62D /* MediaPlayer.framework */,
				70A71E1318DF565C0085F62D /* CoreBluetooth.framework */,
				70A71DD818DF549A0085F62D /* Foundation.framework */,
				70A71DDA18DF549A0085F62D /* CoreGraphics.framework */,
				70A71DDC18DF549A0085F62D /* UIKit.framework */,
				70A71DF718DF549B0085F62D /* XCTest.framework */,
			);
			name = Frameworks;
			sourceTree = "<group>";
		};
		70A71DDE18DF549A0085F62D /* MusicRemoteController */ = {
			isa = PBXGroup;
			children = (
				708EF25018E96B0D00EE4616 /* iPhone4.storyboard */,
				708EF25318E9915F00EE4616 /* iPhone5.storyboard */,
				70A71DF018DF549A0085F62D /* Images.xcassets */,
				70A71DDF18DF549A0085F62D /* Supporting Files */,
				7092283E1EDC564A00502D4F /* RemoteModeViewController.swift */,
				7092283D1EDC564A00502D4F /* MusicRemoteController-Bridging-Header.h */,
				700E71841EDC590400BD565E /* Define.swift */,
				70B071991EDF14BD009631CC /* PlayerModeViewController.swift */,
				70B8619D1EE5B24400C63E3D /* AppDelegate.swift */,
				70B8619F1EE6D61C00C63E3D /* NendViewController.swift */,
				70B861A71EE6DCED00C63E3D /* MenuViewController.swift */,
				70F4A65E1EEBE67A00F584FD /* ImageUtil.swift */,
			);
			path = MusicRemoteController;
			sourceTree = "<group>";
		};
		70A71DDF18DF549A0085F62D /* Supporting Files */ = {
			isa = PBXGroup;
			children = (
				70A71E1718DF58330085F62D /* images */,
				70A71DE018DF549A0085F62D /* MusicRemoteController-Info.plist */,
				70A71DE618DF549A0085F62D /* MusicRemoteController-Prefix.pch */,
			);
			name = "Supporting Files";
			sourceTree = "<group>";
		};
		70A71DFD18DF549B0085F62D /* MusicRemoteControllerTests */ = {
			isa = PBXGroup;
			children = (
				70A71E0318DF549B0085F62D /* MusicRemoteControllerTests.m */,
				70A71DFE18DF549B0085F62D /* Supporting Files */,
			);
			path = MusicRemoteControllerTests;
			sourceTree = "<group>";
		};
		70A71DFE18DF549B0085F62D /* Supporting Files */ = {
			isa = PBXGroup;
			children = (
				70A71DFF18DF549B0085F62D /* MusicRemoteControllerTests-Info.plist */,
			);
			name = "Supporting Files";
			sourceTree = "<group>";
		};
		70A71E1718DF58330085F62D /* images */ = {
			isa = PBXGroup;
			children = (
				70A71E1818DF58330085F62D /* Next.png */,
				70A71E1918DF58330085F62D /* nonimage.png */,
				70A71E1A18DF58330085F62D /* Play.png */,
				70A71E1B18DF58330085F62D /* Rev.png */,
				70A71E1C18DF58330085F62D /* stop.png */,
				70A71E1D18DF58330085F62D /* VolDown.png */,
				70A71E1E18DF58330085F62D /* VolUp.png */,
			);
			path = images;
			sourceTree = "<group>";
		};
		70B861A11EE6DA5800C63E3D /* NendAd.embeddedframework */ = {
			isa = PBXGroup;
			children = (
				70B861A21EE6DA5900C63E3D /* NendAd.framework */,
				70B861A31EE6DA5900C63E3D /* Resources */,
			);
			path = NendAd.embeddedframework;
			sourceTree = "<group>";
		};
		70B861A31EE6DA5900C63E3D /* Resources */ = {
			isa = PBXGroup;
			children = (
				70B861A41EE6DA5900C63E3D /* NendAdResource.bundle */,
			);
			path = Resources;
			sourceTree = "<group>";
		};
/* End PBXGroup section */

/* Begin PBXNativeTarget section */
		70188BE01B779450003C91BE /* MusicRemoteController WatchKit Extension */ = {
			isa = PBXNativeTarget;
			buildConfigurationList = 70188BFE1B779451003C91BE /* Build configuration list for PBXNativeTarget "MusicRemoteController WatchKit Extension" */;
			buildPhases = (
				70188BDD1B779450003C91BE /* Sources */,
				70188BDE1B779450003C91BE /* Frameworks */,
				70188BDF1B779450003C91BE /* Resources */,
			);
			buildRules = (
			);
			dependencies = (
				70188BEF1B779451003C91BE /* PBXTargetDependency */,
			);
			name = "MusicRemoteController WatchKit Extension";
			productName = "MusicRemoteController WatchKit Extension";
			productReference = 70188BE11B779450003C91BE /* MusicRemoteController WatchKit Extension.appex */;
			productType = "com.apple.product-type.watchkit-extension";
		};
		70188BEB1B779451003C91BE /* MusicRemoteController WatchKit App */ = {
			isa = PBXNativeTarget;
			buildConfigurationList = 70188BFB1B779451003C91BE /* Build configuration list for PBXNativeTarget "MusicRemoteController WatchKit App" */;
			buildPhases = (
				70188BEA1B779451003C91BE /* Resources */,
			);
			buildRules = (
			);
			dependencies = (
			);
			name = "MusicRemoteController WatchKit App";
			productName = "MusicRemoteController WatchKit App";
			productReference = 70188BEC1B779451003C91BE /* MusicRemoteController WatchKit App.app */;
			productType = "com.apple.product-type.application.watchapp";
		};
		70A71DD418DF549A0085F62D /* MusicRemoteController */ = {
			isa = PBXNativeTarget;
			buildConfigurationList = 70A71E0718DF549B0085F62D /* Build configuration list for PBXNativeTarget "MusicRemoteController" */;
			buildPhases = (
				70A71DD118DF549A0085F62D /* Sources */,
				70A71DD218DF549A0085F62D /* Frameworks */,
				70A71DD318DF549A0085F62D /* Resources */,
				70188BDC1B779435003C91BE /* Embed App Extensions */,
			);
			buildRules = (
			);
			dependencies = (
				70188BF91B779451003C91BE /* PBXTargetDependency */,
			);
			name = MusicRemoteController;
			productName = MusicRemoteController;
			productReference = 70A71DD518DF549A0085F62D /* MusicRemoteController.app */;
			productType = "com.apple.product-type.application";
		};
		70A71DF518DF549B0085F62D /* MusicRemoteControllerTests */ = {
			isa = PBXNativeTarget;
			buildConfigurationList = 70A71E0A18DF549B0085F62D /* Build configuration list for PBXNativeTarget "MusicRemoteControllerTests" */;
			buildPhases = (
				70A71DF218DF549B0085F62D /* Sources */,
				70A71DF318DF549B0085F62D /* Frameworks */,
				70A71DF418DF549B0085F62D /* Resources */,
			);
			buildRules = (
			);
			dependencies = (
				70A71DFC18DF549B0085F62D /* PBXTargetDependency */,
			);
			name = MusicRemoteControllerTests;
			productName = MusicRemoteControllerTests;
			productReference = 70A71DF618DF549B0085F62D /* MusicRemoteControllerTests.xctest */;
			productType = "com.apple.product-type.bundle.unit-test";
		};
/* End PBXNativeTarget section */

/* Begin PBXProject section */
		70A71DCD18DF549A0085F62D /* Project object */ = {
			isa = PBXProject;
			attributes = {
				LastUpgradeCheck = 0510;
				ORGANIZATIONNAME = "Yusuke Sato";
				TargetAttributes = {
					70188BE01B779450003C91BE = {
						CreatedOnToolsVersion = 6.4;
						DevelopmentTeam = KT5UFMR857;
						LastSwiftMigration = 0830;
					};
					70188BEB1B779451003C91BE = {
						CreatedOnToolsVersion = 6.4;
						DevelopmentTeam = KT5UFMR857;
					};
					70A71DD418DF549A0085F62D = {
						DevelopmentTeam = KT5UFMR857;
						LastSwiftMigration = 0830;
						SystemCapabilities = {
							com.apple.BackgroundModes = {
								enabled = 1;
							};
						};
					};
					70A71DF518DF549B0085F62D = {
						DevelopmentTeam = KT5UFMR857;
						TestTargetID = 70A71DD418DF549A0085F62D;
					};
				};
			};
			buildConfigurationList = 70A71DD018DF549A0085F62D /* Build configuration list for PBXProject "MusicRemoteController" */;
			compatibilityVersion = "Xcode 3.2";
			developmentRegion = English;
			hasScannedForEncodings = 0;
			knownRegions = (
				Base,
			);
			mainGroup = 70A71DCC18DF549A0085F62D;
			productRefGroup = 70A71DD618DF549A0085F62D /* Products */;
			projectDirPath = "";
			projectRoot = "";
			targets = (
				70A71DD418DF549A0085F62D /* MusicRemoteController */,
				70A71DF518DF549B0085F62D /* MusicRemoteControllerTests */,
				70188BE01B779450003C91BE /* MusicRemoteController WatchKit Extension */,
				70188BEB1B779451003C91BE /* MusicRemoteController WatchKit App */,
			);
		};
/* End PBXProject section */

/* Begin PBXResourcesBuildPhase section */
		70188BDF1B779450003C91BE /* Resources */ = {
			isa = PBXResourcesBuildPhase;
			buildActionMask = 2147483647;
			files = (
				70188BED1B779451003C91BE /* MusicRemoteController WatchKit App.app in Resources */,
				70188BE91B779450003C91BE /* Images.xcassets in Resources */,
			);
			runOnlyForDeploymentPostprocessing = 0;
		};
		70188BEA1B779451003C91BE /* Resources */ = {
			isa = PBXResourcesBuildPhase;
			buildActionMask = 2147483647;
			files = (
				70188BF51B779451003C91BE /* Interface.storyboard in Resources */,
				70188BF71B779451003C91BE /* Images.xcassets in Resources */,
			);
			runOnlyForDeploymentPostprocessing = 0;
		};
		70A71DD318DF549A0085F62D /* Resources */ = {
			isa = PBXResourcesBuildPhase;
			buildActionMask = 2147483647;
			files = (
				70A71DF118DF549A0085F62D /* Images.xcassets in Resources */,
				70A71E2318DF58330085F62D /* stop.png in Resources */,
				708EF25218E96B0D00EE4616 /* iPhone4.storyboard in Resources */,
				70A71E2218DF58330085F62D /* Rev.png in Resources */,
				708EF25418E9915F00EE4616 /* iPhone5.storyboard in Resources */,
				70A71E2018DF58330085F62D /* nonimage.png in Resources */,
				70A71E2418DF58330085F62D /* VolDown.png in Resources */,
				70B861A61EE6DA5900C63E3D /* NendAdResource.bundle in Resources */,
				70A71E2118DF58330085F62D /* Play.png in Resources */,
				70A71E1F18DF58330085F62D /* Next.png in Resources */,
				70A71E2518DF58330085F62D /* VolUp.png in Resources */,
			);
			runOnlyForDeploymentPostprocessing = 0;
		};
		70A71DF418DF549B0085F62D /* Resources */ = {
			isa = PBXResourcesBuildPhase;
			buildActionMask = 2147483647;
			files = (
			);
			runOnlyForDeploymentPostprocessing = 0;
		};
/* End PBXResourcesBuildPhase section */

/* Begin PBXSourcesBuildPhase section */
		70188BDD1B779450003C91BE /* Sources */ = {
			isa = PBXSourcesBuildPhase;
			buildActionMask = 2147483647;
			files = (
				70F4A6621EEC156600F584FD /* InterfaceController.swift in Sources */,
				70F4A6641EEC16A800F584FD /* Define.swift in Sources */,
			);
			runOnlyForDeploymentPostprocessing = 0;
		};
		70A71DD118DF549A0085F62D /* Sources */ = {
			isa = PBXSourcesBuildPhase;
			buildActionMask = 2147483647;
			files = (
				70B0719A1EDF14BD009631CC /* PlayerModeViewController.swift in Sources */,
				70F4A65F1EEBE67A00F584FD /* ImageUtil.swift in Sources */,
				70B861A81EE6DCED00C63E3D /* MenuViewController.swift in Sources */,
				70B861A01EE6D61C00C63E3D /* NendViewController.swift in Sources */,
				7092283F1EDC564A00502D4F /* RemoteModeViewController.swift in Sources */,
				70B8619E1EE5B24400C63E3D /* AppDelegate.swift in Sources */,
				700E71851EDC590400BD565E /* Define.swift in Sources */,
			);
			runOnlyForDeploymentPostprocessing = 0;
		};
		70A71DF218DF549B0085F62D /* Sources */ = {
			isa = PBXSourcesBuildPhase;
			buildActionMask = 2147483647;
			files = (
				70A71E0418DF549B0085F62D /* MusicRemoteControllerTests.m in Sources */,
			);
			runOnlyForDeploymentPostprocessing = 0;
		};
/* End PBXSourcesBuildPhase section */

/* Begin PBXTargetDependency section */
		70188BEF1B779451003C91BE /* PBXTargetDependency */ = {
			isa = PBXTargetDependency;
			target = 70188BEB1B779451003C91BE /* MusicRemoteController WatchKit App */;
			targetProxy = 70188BEE1B779451003C91BE /* PBXContainerItemProxy */;
		};
		70188BF91B779451003C91BE /* PBXTargetDependency */ = {
			isa = PBXTargetDependency;
			target = 70188BE01B779450003C91BE /* MusicRemoteController WatchKit Extension */;
			targetProxy = 70188BF81B779451003C91BE /* PBXContainerItemProxy */;
		};
		70A71DFC18DF549B0085F62D /* PBXTargetDependency */ = {
			isa = PBXTargetDependency;
			target = 70A71DD418DF549A0085F62D /* MusicRemoteController */;
			targetProxy = 70A71DFB18DF549B0085F62D /* PBXContainerItemProxy */;
		};
/* End PBXTargetDependency section */

/* Begin PBXVariantGroup section */
		70188BF31B779451003C91BE /* Interface.storyboard */ = {
			isa = PBXVariantGroup;
			children = (
				70188BF41B779451003C91BE /* Base */,
				7025A9281B7B7DE90059286A /* ja */,
			);
			name = Interface.storyboard;
			sourceTree = "<group>";
		};
		708EF25018E96B0D00EE4616 /* iPhone4.storyboard */ = {
			isa = PBXVariantGroup;
			children = (
				708EF25118E96B0D00EE4616 /* Base */,
				7025A9271B7B7DE90059286A /* ja */,
			);
			name = iPhone4.storyboard;
			sourceTree = "<group>";
		};
/* End PBXVariantGroup section */

/* Begin XCBuildConfiguration section */
		70188BFC1B779451003C91BE /* Debug */ = {
			isa = XCBuildConfiguration;
			buildSettings = {
				ASSETCATALOG_COMPILER_APPICON_NAME = AppIcon;
				CLANG_WARN_UNREACHABLE_CODE = YES;
				CODE_SIGN_IDENTITY = "iPhone Developer";
				DEBUG_INFORMATION_FORMAT = "dwarf-with-dsym";
				DEVELOPMENT_TEAM = KT5UFMR857;
				ENABLE_STRICT_OBJC_MSGSEND = YES;
				GCC_NO_COMMON_BLOCKS = YES;
				GCC_PREPROCESSOR_DEFINITIONS = (
					"DEBUG=1",
					"$(inherited)",
				);
				IBSC_MODULE = MusicRemoteController_WatchKit_Extension;
				INFOPLIST_FILE = "MusicRemoteController WatchKit App/Info.plist";
				IPHONEOS_DEPLOYMENT_TARGET = 8.2;
				MTL_ENABLE_DEBUG_INFO = YES;
				PRODUCT_NAME = "$(TARGET_NAME)";
				SKIP_INSTALL = YES;
				TARGETED_DEVICE_FAMILY = 4;
				"TARGETED_DEVICE_FAMILY[sdk=iphonesimulator*]" = "1,4";
			};
			name = Debug;
		};
		70188BFD1B779451003C91BE /* Release */ = {
			isa = XCBuildConfiguration;
			buildSettings = {
				ASSETCATALOG_COMPILER_APPICON_NAME = AppIcon;
				CLANG_WARN_UNREACHABLE_CODE = YES;
				CODE_SIGN_IDENTITY = "iPhone Distribution";
				COPY_PHASE_STRIP = NO;
				DEBUG_INFORMATION_FORMAT = "dwarf-with-dsym";
				DEVELOPMENT_TEAM = KT5UFMR857;
				ENABLE_STRICT_OBJC_MSGSEND = YES;
				GCC_NO_COMMON_BLOCKS = YES;
				IBSC_MODULE = MusicRemoteController_WatchKit_Extension;
				INFOPLIST_FILE = "MusicRemoteController WatchKit App/Info.plist";
				IPHONEOS_DEPLOYMENT_TARGET = 8.2;
				MTL_ENABLE_DEBUG_INFO = NO;
				PRODUCT_NAME = "$(TARGET_NAME)";
				SKIP_INSTALL = YES;
				TARGETED_DEVICE_FAMILY = 4;
				"TARGETED_DEVICE_FAMILY[sdk=iphonesimulator*]" = "1,4";
			};
			name = Release;
		};
		70188BFF1B779451003C91BE /* Debug */ = {
			isa = XCBuildConfiguration;
			buildSettings = {
				CLANG_ENABLE_MODULES = YES;
				CLANG_WARN_UNREACHABLE_CODE = YES;
				CODE_SIGN_IDENTITY = "iPhone Developer";
				"CODE_SIGN_IDENTITY[sdk=iphoneos*]" = "iPhone Developer";
				DEBUG_INFORMATION_FORMAT = "dwarf-with-dsym";
				DEVELOPMENT_TEAM = KT5UFMR857;
				ENABLE_STRICT_OBJC_MSGSEND = YES;
				GCC_NO_COMMON_BLOCKS = YES;
				GCC_PREPROCESSOR_DEFINITIONS = (
					"DEBUG=1",
					"$(inherited)",
				);
				INFOPLIST_FILE = "MusicRemoteController WatchKit Extension/Info.plist";
				IPHONEOS_DEPLOYMENT_TARGET = 8.2;
				LD_RUNPATH_SEARCH_PATHS = "$(inherited) @executable_path/Frameworks @executable_path/../../Frameworks";
				MTL_ENABLE_DEBUG_INFO = YES;
				PRODUCT_NAME = "${TARGET_NAME}";
				SKIP_INSTALL = YES;
				SWIFT_OBJC_BRIDGING_HEADER = "MusicRemoteController WatchKit Extension/MusicRemoteController WatchKit Extension-Bridging-Header.h";
				SWIFT_OPTIMIZATION_LEVEL = "-Onone";
				SWIFT_VERSION = 3.0;
			};
			name = Debug;
		};
		70188C001B779451003C91BE /* Release */ = {
			isa = XCBuildConfiguration;
			buildSettings = {
				CLANG_ENABLE_MODULES = YES;
				CLANG_WARN_UNREACHABLE_CODE = YES;
				CODE_SIGN_IDENTITY = "iPhone Distribution";
				"CODE_SIGN_IDENTITY[sdk=iphoneos*]" = "iPhone Distribution";
				COPY_PHASE_STRIP = NO;
				DEBUG_INFORMATION_FORMAT = "dwarf-with-dsym";
				DEVELOPMENT_TEAM = KT5UFMR857;
				ENABLE_STRICT_OBJC_MSGSEND = YES;
				GCC_NO_COMMON_BLOCKS = YES;
				INFOPLIST_FILE = "MusicRemoteController WatchKit Extension/Info.plist";
				IPHONEOS_DEPLOYMENT_TARGET = 8.2;
				LD_RUNPATH_SEARCH_PATHS = "$(inherited) @executable_path/Frameworks @executable_path/../../Frameworks";
				MTL_ENABLE_DEBUG_INFO = NO;
				PRODUCT_NAME = "${TARGET_NAME}";
				SKIP_INSTALL = YES;
				SWIFT_OBJC_BRIDGING_HEADER = "MusicRemoteController WatchKit Extension/MusicRemoteController WatchKit Extension-Bridging-Header.h";
				SWIFT_VERSION = 3.0;
			};
			name = Release;
		};
		70A71E0518DF549B0085F62D /* Debug */ = {
			isa = XCBuildConfiguration;
			buildSettings = {
				ALWAYS_SEARCH_USER_PATHS = NO;
				CLANG_CXX_LANGUAGE_STANDARD = "gnu++0x";
				CLANG_CXX_LIBRARY = "libc++";
				CLANG_ENABLE_MODULES = YES;
				CLANG_ENABLE_OBJC_ARC = YES;
				CLANG_WARN_BOOL_CONVERSION = YES;
				CLANG_WARN_CONSTANT_CONVERSION = YES;
				CLANG_WARN_DIRECT_OBJC_ISA_USAGE = YES_ERROR;
				CLANG_WARN_EMPTY_BODY = YES;
				CLANG_WARN_ENUM_CONVERSION = YES;
				CLANG_WARN_INT_CONVERSION = YES;
				CLANG_WARN_OBJC_ROOT_CLASS = YES_ERROR;
				CLANG_WARN__DUPLICATE_METHOD_MATCH = YES;
				CODE_SIGN_IDENTITY = "iPhone Developer";
				"CODE_SIGN_IDENTITY[sdk=iphoneos*]" = "iPhone Developer";
				COPY_PHASE_STRIP = NO;
				GCC_C_LANGUAGE_STANDARD = gnu99;
				GCC_DYNAMIC_NO_PIC = NO;
				GCC_OPTIMIZATION_LEVEL = 0;
				GCC_PREPROCESSOR_DEFINITIONS = (
					"DEBUG=1",
					"$(inherited)",
				);
				GCC_SYMBOLS_PRIVATE_EXTERN = NO;
				GCC_WARN_64_TO_32_BIT_CONVERSION = YES;
				GCC_WARN_ABOUT_RETURN_TYPE = YES_ERROR;
				GCC_WARN_UNDECLARED_SELECTOR = YES;
				GCC_WARN_UNINITIALIZED_AUTOS = YES_AGGRESSIVE;
				GCC_WARN_UNUSED_FUNCTION = YES;
				GCC_WARN_UNUSED_VARIABLE = YES;
				IPHONEOS_DEPLOYMENT_TARGET = 8.2;
				ONLY_ACTIVE_ARCH = YES;
				SDKROOT = iphoneos;
			};
			name = Debug;
		};
		70A71E0618DF549B0085F62D /* Release */ = {
			isa = XCBuildConfiguration;
			buildSettings = {
				ALWAYS_SEARCH_USER_PATHS = NO;
				CLANG_CXX_LANGUAGE_STANDARD = "gnu++0x";
				CLANG_CXX_LIBRARY = "libc++";
				CLANG_ENABLE_MODULES = YES;
				CLANG_ENABLE_OBJC_ARC = YES;
				CLANG_WARN_BOOL_CONVERSION = YES;
				CLANG_WARN_CONSTANT_CONVERSION = YES;
				CLANG_WARN_DIRECT_OBJC_ISA_USAGE = YES_ERROR;
				CLANG_WARN_EMPTY_BODY = YES;
				CLANG_WARN_ENUM_CONVERSION = YES;
				CLANG_WARN_INT_CONVERSION = YES;
				CLANG_WARN_OBJC_ROOT_CLASS = YES_ERROR;
				CLANG_WARN__DUPLICATE_METHOD_MATCH = YES;
				CODE_SIGN_IDENTITY = "iPhone Distribution";
				"CODE_SIGN_IDENTITY[sdk=iphoneos*]" = "iPhone Distribution";
				COPY_PHASE_STRIP = YES;
				ENABLE_NS_ASSERTIONS = NO;
				GCC_C_LANGUAGE_STANDARD = gnu99;
				GCC_WARN_64_TO_32_BIT_CONVERSION = YES;
				GCC_WARN_ABOUT_RETURN_TYPE = YES_ERROR;
				GCC_WARN_UNDECLARED_SELECTOR = YES;
				GCC_WARN_UNINITIALIZED_AUTOS = YES_AGGRESSIVE;
				GCC_WARN_UNUSED_FUNCTION = YES;
				GCC_WARN_UNUSED_VARIABLE = YES;
				IPHONEOS_DEPLOYMENT_TARGET = 8.2;
				SDKROOT = iphoneos;
				VALIDATE_PRODUCT = YES;
			};
			name = Release;
		};
		70A71E0818DF549B0085F62D /* Debug */ = {
			isa = XCBuildConfiguration;
			buildSettings = {
				ALWAYS_EMBED_SWIFT_STANDARD_LIBRARIES = YES;
				ASSETCATALOG_COMPILER_APPICON_NAME = AppIcon;
				ASSETCATALOG_COMPILER_LAUNCHIMAGE_NAME = LaunchImage;
				CLANG_ENABLE_MODULES = YES;
				CODE_SIGN_IDENTITY = "iPhone Developer";
				"CODE_SIGN_IDENTITY[sdk=iphoneos*]" = "iPhone Developer";
				DEVELOPMENT_TEAM = KT5UFMR857;
				FRAMEWORK_SEARCH_PATHS = (
					"$(inherited)",
					"$(PROJECT_DIR)/NendAd.embeddedframework",
				);
				GCC_PRECOMPILE_PREFIX_HEADER = YES;
				GCC_PREFIX_HEADER = "MusicRemoteController/MusicRemoteController-Prefix.pch";
				INFOPLIST_FILE = "MusicRemoteController/MusicRemoteController-Info.plist";
				IPHONEOS_DEPLOYMENT_TARGET = 8.0;
				LD_RUNPATH_SEARCH_PATHS = "$(inherited) @executable_path/Frameworks";
				LIBRARY_SEARCH_PATHS = "$(inherited)";
				OTHER_LDFLAGS = "-ObjC";
				PRODUCT_NAME = "$(TARGET_NAME)";
				PROVISIONING_PROFILE = "";
				SWIFT_OBJC_BRIDGING_HEADER = "MusicRemoteController/MusicRemoteController-Bridging-Header.h";
				SWIFT_OPTIMIZATION_LEVEL = "-Onone";
				SWIFT_VERSION = 3.0;
				WRAPPER_EXTENSION = app;
			};
			name = Debug;
		};
		70A71E0918DF549B0085F62D /* Release */ = {
			isa = XCBuildConfiguration;
			buildSettings = {
				ALWAYS_EMBED_SWIFT_STANDARD_LIBRARIES = YES;
				ASSETCATALOG_COMPILER_APPICON_NAME = AppIcon;
				ASSETCATALOG_COMPILER_LAUNCHIMAGE_NAME = LaunchImage;
				CLANG_ENABLE_MODULES = YES;
				CODE_SIGN_IDENTITY = "iPhone Distribution";
				"CODE_SIGN_IDENTITY[sdk=iphoneos*]" = "iPhone Distribution";
				DEVELOPMENT_TEAM = KT5UFMR857;
				FRAMEWORK_SEARCH_PATHS = (
					"$(inherited)",
					"$(PROJECT_DIR)/NendAd.embeddedframework",
				);
				GCC_PRECOMPILE_PREFIX_HEADER = YES;
				GCC_PREFIX_HEADER = "MusicRemoteController/MusicRemoteController-Prefix.pch";
				INFOPLIST_FILE = "MusicRemoteController/MusicRemoteController-Info.plist";
				IPHONEOS_DEPLOYMENT_TARGET = 8.0;
				LD_RUNPATH_SEARCH_PATHS = "$(inherited) @executable_path/Frameworks";
				LIBRARY_SEARCH_PATHS = "$(inherited)";
				ONLY_ACTIVE_ARCH = YES;
				OTHER_LDFLAGS = "-ObjC";
				PRODUCT_NAME = "$(TARGET_NAME)";
				PROVISIONING_PROFILE = "";
				SWIFT_OBJC_BRIDGING_HEADER = "MusicRemoteController/MusicRemoteController-Bridging-Header.h";
				SWIFT_VERSION = 3.0;
				WRAPPER_EXTENSION = app;
			};
			name = Release;
		};
		70A71E0B18DF549B0085F62D /* Debug */ = {
			isa = XCBuildConfiguration;
			buildSettings = {
				ALWAYS_EMBED_SWIFT_STANDARD_LIBRARIES = YES;
				BUNDLE_LOADER = "$(BUILT_PRODUCTS_DIR)/MusicRemoteController.app/MusicRemoteController";
				DEVELOPMENT_TEAM = KT5UFMR857;
				FRAMEWORK_SEARCH_PATHS = (
					"$(SDKROOT)/Developer/Library/Frameworks",
					"$(inherited)",
					"$(DEVELOPER_FRAMEWORKS_DIR)",
				);
				GCC_PRECOMPILE_PREFIX_HEADER = YES;
				GCC_PREFIX_HEADER = "MusicRemoteController/MusicRemoteController-Prefix.pch";
				GCC_PREPROCESSOR_DEFINITIONS = (
					"DEBUG=1",
					"$(inherited)",
				);
				INFOPLIST_FILE = "MusicRemoteControllerTests/MusicRemoteControllerTests-Info.plist";
				PRODUCT_NAME = "$(TARGET_NAME)";
				TEST_HOST = "$(BUNDLE_LOADER)";
				WRAPPER_EXTENSION = xctest;
			};
			name = Debug;
		};
		70A71E0C18DF549B0085F62D /* Release */ = {
			isa = XCBuildConfiguration;
			buildSettings = {
				ALWAYS_EMBED_SWIFT_STANDARD_LIBRARIES = YES;
				BUNDLE_LOADER = "$(BUILT_PRODUCTS_DIR)/MusicRemoteController.app/MusicRemoteController";
				DEVELOPMENT_TEAM = KT5UFMR857;
				FRAMEWORK_SEARCH_PATHS = (
					"$(SDKROOT)/Developer/Library/Frameworks",
					"$(inherited)",
					"$(DEVELOPER_FRAMEWORKS_DIR)",
				);
				GCC_PRECOMPILE_PREFIX_HEADER = YES;
				GCC_PREFIX_HEADER = "MusicRemoteController/MusicRemoteController-Prefix.pch";
				INFOPLIST_FILE = "MusicRemoteControllerTests/MusicRemoteControllerTests-Info.plist";
				PRODUCT_NAME = "$(TARGET_NAME)";
				TEST_HOST = "$(BUNDLE_LOADER)";
				WRAPPER_EXTENSION = xctest;
			};
			name = Release;
		};
/* End XCBuildConfiguration section */

/* Begin XCConfigurationList section */
		70188BFB1B779451003C91BE /* Build configuration list for PBXNativeTarget "MusicRemoteController WatchKit App" */ = {
			isa = XCConfigurationList;
			buildConfigurations = (
				70188BFC1B779451003C91BE /* Debug */,
				70188BFD1B779451003C91BE /* Release */,
			);
			defaultConfigurationIsVisible = 0;
			defaultConfigurationName = Release;
		};
		70188BFE1B779451003C91BE /* Build configuration list for PBXNativeTarget "MusicRemoteController WatchKit Extension" */ = {
			isa = XCConfigurationList;
			buildConfigurations = (
				70188BFF1B779451003C91BE /* Debug */,
				70188C001B779451003C91BE /* Release */,
			);
			defaultConfigurationIsVisible = 0;
			defaultConfigurationName = Release;
		};
		70A71DD018DF549A0085F62D /* Build configuration list for PBXProject "MusicRemoteController" */ = {
			isa = XCConfigurationList;
			buildConfigurations = (
				70A71E0518DF549B0085F62D /* Debug */,
				70A71E0618DF549B0085F62D /* Release */,
			);
			defaultConfigurationIsVisible = 0;
			defaultConfigurationName = Release;
		};
		70A71E0718DF549B0085F62D /* Build configuration list for PBXNativeTarget "MusicRemoteController" */ = {
			isa = XCConfigurationList;
			buildConfigurations = (
				70A71E0818DF549B0085F62D /* Debug */,
				70A71E0918DF549B0085F62D /* Release */,
			);
			defaultConfigurationIsVisible = 0;
			defaultConfigurationName = Release;
		};
		70A71E0A18DF549B0085F62D /* Build configuration list for PBXNativeTarget "MusicRemoteControllerTests" */ = {
			isa = XCConfigurationList;
			buildConfigurations = (
				70A71E0B18DF549B0085F62D /* Debug */,
				70A71E0C18DF549B0085F62D /* Release */,
			);
			defaultConfigurationIsVisible = 0;
			defaultConfigurationName = Release;
		};
/* End XCConfigurationList section */
	};
	rootObject = 70A71DCD18DF549A0085F62D /* Project object */;
}
